
Microsoft Visual Studio Solution File, Format Version 12.00
# Visual Studio Version 17
VisualStudioVersion = 17.0.31903.59
MinimumVisualStudioVersion = 10.0.40219.1
Project("{FAE04EC0-301F-11D3-BF4B-00C04F79EFBC}") = "task07", "task07\task07.csproj", "{308A4F2C-0063-4DBD-84D7-041B7123FA20}"
EndProject
Project("{FAE04EC0-301F-11D3-BF4B-00C04F79EFBC}") = "task07tests", "task07tests\task07tests.csproj", "{75BAF8F9-9D5F-447C-AB22-F2D299244EEA}"
EndProject
Project("{FAE04EC0-301F-11D3-BF4B-00C04F79EFBC}") = "MetadataViewer", "MetadataViewer\MetadataViewer.csproj", "{888D0052-0E05-4D83-9D44-44F8F6CF5AA0}"
EndProject
Global
	GlobalSection(SolutionConfigurationPlatforms) = preSolution
		Debug|Any CPU = Debug|Any CPU
		Release|Any CPU = Release|Any CPU
	EndGlobalSection
	GlobalSection(SolutionProperties) = preSolution
		HideSolutionNode = FALSE
	EndGlobalSection
	GlobalSection(ProjectConfigurationPlatforms) = postSolution
		{308A4F2C-0063-4DBD-84D7-041B7123FA20}.Debug|Any CPU.ActiveCfg = Debug|Any CPU
		{308A4F2C-0063-4DBD-84D7-041B7123FA20}.Debug|Any CPU.Build.0 = Debug|Any CPU
		{308A4F2C-0063-4DBD-84D7-041B7123FA20}.Release|Any CPU.ActiveCfg = Release|Any CPU
		{308A4F2C-0063-4DBD-84D7-041B7123FA20}.Release|Any CPU.Build.0 = Release|Any CPU
		{75BAF8F9-9D5F-447C-AB22-F2D299244EEA}.Debug|Any CPU.ActiveCfg = Debug|Any CPU
		{75BAF8F9-9D5F-447C-AB22-F2D299244EEA}.Debug|Any CPU.Build.0 = Debug|Any CPU
		{75BAF8F9-9D5F-447C-AB22-F2D299244EEA}.Release|Any CPU.ActiveCfg = Release|Any CPU
		{75BAF8F9-9D5F-447C-AB22-F2D299244EEA}.Release|Any CPU.Build.0 = Release|Any CPU
		{888D0052-0E05-4D83-9D44-44F8F6CF5AA0}.Debug|Any CPU.ActiveCfg = Debug|Any CPU
		{888D0052-0E05-4D83-9D44-44F8F6CF5AA0}.Debug|Any CPU.Build.0 = Debug|Any CPU
		{888D0052-0E05-4D83-9D44-44F8F6CF5AA0}.Release|Any CPU.ActiveCfg = Release|Any CPU
		{888D0052-0E05-4D83-9D44-44F8F6CF5AA0}.Release|Any CPU.Build.0 = Release|Any CPU
	EndGlobalSection
EndGlobal
