
Microsoft Visual Studio Solution File, Format Version 12.00
# Visual Studio Version 17
VisualStudioVersion = 17.0.31903.59
MinimumVisualStudioVersion = 10.0.40219.1
Project("{FAE04EC0-301F-11D3-BF4B-00C04F79EFBC}") = "task05", "task05\task05.csproj", "{0CAC3C30-BBEA-47BE-A2CE-82FD3C0E20CD}"
EndProject
Project("{FAE04EC0-301F-11D3-BF4B-00C04F79EFBC}") = "task05tests", "task05tests\task05tests.csproj", "{73E3564F-82D6-4B15-B516-7A300C0E6A30}"
EndProject
Global
	GlobalSection(SolutionConfigurationPlatforms) = preSolution
		Debug|Any CPU = Debug|Any CPU
		Release|Any CPU = Release|Any CPU
	EndGlobalSection
	GlobalSection(SolutionProperties) = preSolution
		HideSolutionNode = FALSE
	EndGlobalSection
	GlobalSection(ProjectConfigurationPlatforms) = postSolution
		{0CAC3C30-BBEA-47BE-A2CE-82FD3C0E20CD}.Debug|Any CPU.ActiveCfg = Debug|Any CPU
		{0CAC3C30-BBEA-47BE-A2CE-82FD3C0E20CD}.Debug|Any CPU.Build.0 = Debug|Any CPU
		{0CAC3C30-BBEA-47BE-A2CE-82FD3C0E20CD}.Release|Any CPU.ActiveCfg = Release|Any CPU
		{0CAC3C30-BBEA-47BE-A2CE-82FD3C0E20CD}.Release|Any CPU.Build.0 = Release|Any CPU
		{73E3564F-82D6-4B15-B516-7A300C0E6A30}.Debug|Any CPU.ActiveCfg = Debug|Any CPU
		{73E3564F-82D6-4B15-B516-7A300C0E6A30}.Debug|Any CPU.Build.0 = Debug|Any CPU
		{73E3564F-82D6-4B15-B516-7A300C0E6A30}.Release|Any CPU.ActiveCfg = Release|Any CPU
		{73E3564F-82D6-4B15-B516-7A300C0E6A30}.Release|Any CPU.Build.0 = Release|Any CPU
	EndGlobalSection
EndGlobal
